
Microsoft Visual Studio Solution File, Format Version 12.00
# Visual Studio Version 16
VisualStudioVersion = 16.0.32630.194
MinimumVisualStudioVersion = 10.0.40219.1
Project("{FAE04EC0-301F-11D3-BF4B-00C04F79EFBC}") = "MvcCv", "MvcCv\MvcCv.csproj", "{73DB6AC2-6950-4C8B-B5AE-5AF572562CC9}"
EndProject
Global
	GlobalSection(SolutionConfigurationPlatforms) = preSolution
		Debug|Any CPU = Debug|Any CPU
		Release|Any CPU = Release|Any CPU
	EndGlobalSection
	GlobalSection(ProjectConfigurationPlatforms) = postSolution
		{73DB6AC2-6950-4C8B-B5AE-5AF572562CC9}.Debug|Any CPU.ActiveCfg = Debug|Any CPU
		{73DB6AC2-6950-4C8B-B5AE-5AF572562CC9}.Debug|Any CPU.Build.0 = Debug|Any CPU
		{73DB6AC2-6950-4C8B-B5AE-5AF572562CC9}.Release|Any CPU.ActiveCfg = Release|Any CPU
		{73DB6AC2-6950-4C8B-B5AE-5AF572562CC9}.Release|Any CPU.Build.0 = Release|Any CPU
	EndGlobalSection
	GlobalSection(SolutionProperties) = preSolution
		HideSolutionNode = FALSE
	EndGlobalSection
	GlobalSection(ExtensibilityGlobals) = postSolution
		SolutionGuid = {1DE4310C-FAA8-4C1F-A0FA-1FAF2DD3E819}
	EndGlobalSection
EndGlobal
